// !$*UTF8*$!
{
	archiveVersion = 1;
	classes = {
	};
	objectVersion = 48;
	objects = {

/* Begin PBXBuildFile section */
		3D48F902204730F8001B8199 /* State.swift in Sources */ = {isa = PBXBuildFile; fileRef = 3D48F901204730F8001B8199 /* State.swift */; };
		3D48F90420473439001B8199 /* Activity.swift in Sources */ = {isa = PBXBuildFile; fileRef = 3D48F90320473439001B8199 /* Activity.swift */; };
		3D48F90620473447001B8199 /* ActivitiesSet.swift in Sources */ = {isa = PBXBuildFile; fileRef = 3D48F90520473447001B8199 /* ActivitiesSet.swift */; };
		3D48F90820473456001B8199 /* Practice.swift in Sources */ = {isa = PBXBuildFile; fileRef = 3D48F90720473456001B8199 /* Practice.swift */; };
		3D48F90A20473463001B8199 /* PracticesSet.swift in Sources */ = {isa = PBXBuildFile; fileRef = 3D48F90920473463001B8199 /* PracticesSet.swift */; };
		3D8B719C2045C47900D0B43A /* AppDelegate.swift in Sources */ = {isa = PBXBuildFile; fileRef = 3D8B719B2045C47900D0B43A /* AppDelegate.swift */; };
		3D8B719E2045C47900D0B43A /* ViewController.swift in Sources */ = {isa = PBXBuildFile; fileRef = 3D8B719D2045C47900D0B43A /* ViewController.swift */; };
		3D8B71A12045C47900D0B43A /* Main.storyboard in Resources */ = {isa = PBXBuildFile; fileRef = 3D8B719F2045C47900D0B43A /* Main.storyboard */; };
		3D8B71A32045C47900D0B43A /* Assets.xcassets in Resources */ = {isa = PBXBuildFile; fileRef = 3D8B71A22045C47900D0B43A /* Assets.xcassets */; };
		3D8B71A62045C47900D0B43A /* LaunchScreen.storyboard in Resources */ = {isa = PBXBuildFile; fileRef = 3D8B71A42045C47900D0B43A /* LaunchScreen.storyboard */; };
		3D8B71B12045C47900D0B43A /* parkinsonProjectTests.swift in Sources */ = {isa = PBXBuildFile; fileRef = 3D8B71B02045C47900D0B43A /* parkinsonProjectTests.swift */; };
		3D8B71BC2045C47900D0B43A /* parkinsonProjectUITests.swift in Sources */ = {isa = PBXBuildFile; fileRef = 3D8B71BB2045C47900D0B43A /* parkinsonProjectUITests.swift */; };
		3D9A54142045C97E00A4E7E1 /* Evaluation.swift in Sources */ = {isa = PBXBuildFile; fileRef = 3D9A54132045C97E00A4E7E1 /* Evaluation.swift */; };
/* End PBXBuildFile section */

/* Begin PBXContainerItemProxy section */
		3D8B71AD2045C47900D0B43A /* PBXContainerItemProxy */ = {
			isa = PBXContainerItemProxy;
			containerPortal = 3D8B71902045C47900D0B43A /* Project object */;
			proxyType = 1;
			remoteGlobalIDString = 3D8B71972045C47900D0B43A;
			remoteInfo = parkinsonProject;
		};
		3D8B71B82045C47900D0B43A /* PBXContainerItemProxy */ = {
			isa = PBXContainerItemProxy;
			containerPortal = 3D8B71902045C47900D0B43A /* Project object */;
			proxyType = 1;
			remoteGlobalIDString = 3D8B71972045C47900D0B43A;
			remoteInfo = parkinsonProject;
		};
/* End PBXContainerItemProxy section */

/* Begin PBXFileReference section */
		3D48F901204730F8001B8199 /* State.swift */ = {isa = PBXFileReference; lastKnownFileType = sourcecode.swift; path = State.swift; sourceTree = "<group>"; };
		3D48F90320473439001B8199 /* Activity.swift */ = {isa = PBXFileReference; lastKnownFileType = sourcecode.swift; path = Activity.swift; sourceTree = "<group>"; };
		3D48F90520473447001B8199 /* ActivitiesSet.swift */ = {isa = PBXFileReference; lastKnownFileType = sourcecode.swift; path = ActivitiesSet.swift; sourceTree = "<group>"; };
		3D48F90720473456001B8199 /* Practice.swift */ = {isa = PBXFileReference; lastKnownFileType = sourcecode.swift; path = Practice.swift; sourceTree = "<group>"; };
		3D48F90920473463001B8199 /* PracticesSet.swift */ = {isa = PBXFileReference; lastKnownFileType = sourcecode.swift; path = PracticesSet.swift; sourceTree = "<group>"; };
		3D8B71982045C47900D0B43A /* parkinsonProject.app */ = {isa = PBXFileReference; explicitFileType = wrapper.application; includeInIndex = 0; path = parkinsonProject.app; sourceTree = BUILT_PRODUCTS_DIR; };
		3D8B719B2045C47900D0B43A /* AppDelegate.swift */ = {isa = PBXFileReference; lastKnownFileType = sourcecode.swift; path = AppDelegate.swift; sourceTree = "<group>"; };
		3D8B719D2045C47900D0B43A /* ViewController.swift */ = {isa = PBXFileReference; lastKnownFileType = sourcecode.swift; path = ViewController.swift; sourceTree = "<group>"; };
		3D8B71A02045C47900D0B43A /* Base */ = {isa = PBXFileReference; lastKnownFileType = file.storyboard; name = Base; path = Base.lproj/Main.storyboard; sourceTree = "<group>"; };
		3D8B71A22045C47900D0B43A /* Assets.xcassets */ = {isa = PBXFileReference; lastKnownFileType = folder.assetcatalog; path = Assets.xcassets; sourceTree = "<group>"; };
		3D8B71A52045C47900D0B43A /* Base */ = {isa = PBXFileReference; lastKnownFileType = file.storyboard; name = Base; path = Base.lproj/LaunchScreen.storyboard; sourceTree = "<group>"; };
		3D8B71A72045C47900D0B43A /* Info.plist */ = {isa = PBXFileReference; lastKnownFileType = text.plist.xml; path = Info.plist; sourceTree = "<group>"; };
		3D8B71AC2045C47900D0B43A /* parkinsonProjectTests.xctest */ = {isa = PBXFileReference; explicitFileType = wrapper.cfbundle; includeInIndex = 0; path = parkinsonProjectTests.xctest; sourceTree = BUILT_PRODUCTS_DIR; };
		3D8B71B02045C47900D0B43A /* parkinsonProjectTests.swift */ = {isa = PBXFileReference; lastKnownFileType = sourcecode.swift; path = parkinsonProjectTests.swift; sourceTree = "<group>"; };
		3D8B71B22045C47900D0B43A /* Info.plist */ = {isa = PBXFileReference; lastKnownFileType = text.plist.xml; path = Info.plist; sourceTree = "<group>"; };
		3D8B71B72045C47900D0B43A /* parkinsonProjectUITests.xctest */ = {isa = PBXFileReference; explicitFileType = wrapper.cfbundle; includeInIndex = 0; path = parkinsonProjectUITests.xctest; sourceTree = BUILT_PRODUCTS_DIR; };
		3D8B71BB2045C47900D0B43A /* parkinsonProjectUITests.swift */ = {isa = PBXFileReference; lastKnownFileType = sourcecode.swift; path = parkinsonProjectUITests.swift; sourceTree = "<group>"; };
		3D8B71BD2045C47900D0B43A /* Info.plist */ = {isa = PBXFileReference; lastKnownFileType = text.plist.xml; path = Info.plist; sourceTree = "<group>"; };
		3D9A54132045C97E00A4E7E1 /* Evaluation.swift */ = {isa = PBXFileReference; lastKnownFileType = sourcecode.swift; path = Evaluation.swift; sourceTree = "<group>"; };
/* End PBXFileReference section */

/* Begin PBXFrameworksBuildPhase section */
		3D8B71952045C47900D0B43A /* Frameworks */ = {
			isa = PBXFrameworksBuildPhase;
			buildActionMask = 2147483647;
			files = (
			);
			runOnlyForDeploymentPostprocessing = 0;
		};
		3D8B71A92045C47900D0B43A /* Frameworks */ = {
			isa = PBXFrameworksBuildPhase;
			buildActionMask = 2147483647;
			files = (
			);
			runOnlyForDeploymentPostprocessing = 0;
		};
		3D8B71B42045C47900D0B43A /* Frameworks */ = {
			isa = PBXFrameworksBuildPhase;
			buildActionMask = 2147483647;
			files = (
			);
			runOnlyForDeploymentPostprocessing = 0;
		};
/* End PBXFrameworksBuildPhase section */

/* Begin PBXGroup section */
		3D8B718F2045C47900D0B43A = {
			isa = PBXGroup;
			children = (
				3D8B719A2045C47900D0B43A /* parkinsonProject */,
				3D8B71AF2045C47900D0B43A /* parkinsonProjectTests */,
				3D8B71BA2045C47900D0B43A /* parkinsonProjectUITests */,
				3D8B71992045C47900D0B43A /* Products */,
			);
			sourceTree = "<group>";
		};
		3D8B71992045C47900D0B43A /* Products */ = {
			isa = PBXGroup;
			children = (
				3D8B71982045C47900D0B43A /* parkinsonProject.app */,
				3D8B71AC2045C47900D0B43A /* parkinsonProjectTests.xctest */,
				3D8B71B72045C47900D0B43A /* parkinsonProjectUITests.xctest */,
			);
			name = Products;
			sourceTree = "<group>";
		};
		3D8B719A2045C47900D0B43A /* parkinsonProject */ = {
			isa = PBXGroup;
			children = (
				3D9A54122045C96600A4E7E1 /* Models */,
				3D8B719B2045C47900D0B43A /* AppDelegate.swift */,
				3D8B719D2045C47900D0B43A /* ViewController.swift */,
				3D8B719F2045C47900D0B43A /* Main.storyboard */,
				3D8B71A22045C47900D0B43A /* Assets.xcassets */,
				3D8B71A42045C47900D0B43A /* LaunchScreen.storyboard */,
				3D8B71A72045C47900D0B43A /* Info.plist */,
			);
			path = parkinsonProject;
			sourceTree = "<group>";
		};
		3D8B71AF2045C47900D0B43A /* parkinsonProjectTests */ = {
			isa = PBXGroup;
			children = (
				3D8B71B02045C47900D0B43A /* parkinsonProjectTests.swift */,
				3D8B71B22045C47900D0B43A /* Info.plist */,
			);
			path = parkinsonProjectTests;
			sourceTree = "<group>";
		};
		3D8B71BA2045C47900D0B43A /* parkinsonProjectUITests */ = {
			isa = PBXGroup;
			children = (
				3D8B71BB2045C47900D0B43A /* parkinsonProjectUITests.swift */,
				3D8B71BD2045C47900D0B43A /* Info.plist */,
			);
			path = parkinsonProjectUITests;
			sourceTree = "<group>";
		};
		3D9A54122045C96600A4E7E1 /* Models */ = {
			isa = PBXGroup;
			children = (
				3D9A54132045C97E00A4E7E1 /* Evaluation.swift */,
				3D48F901204730F8001B8199 /* State.swift */,
				3D48F90320473439001B8199 /* Activity.swift */,
				3D48F90520473447001B8199 /* ActivitiesSet.swift */,
				3D48F90720473456001B8199 /* Practice.swift */,
				3D48F90920473463001B8199 /* PracticesSet.swift */,
			);
			path = Models;
			sourceTree = "<group>";
		};
/* End PBXGroup section */

/* Begin PBXNativeTarget section */
		3D8B71972045C47900D0B43A /* parkinsonProject */ = {
			isa = PBXNativeTarget;
			buildConfigurationList = 3D8B71C02045C47900D0B43A /* Build configuration list for PBXNativeTarget "parkinsonProject" */;
			buildPhases = (
				3D8B71942045C47900D0B43A /* Sources */,
				3D8B71952045C47900D0B43A /* Frameworks */,
				3D8B71962045C47900D0B43A /* Resources */,
			);
			buildRules = (
			);
			dependencies = (
			);
			name = parkinsonProject;
			productName = parkinsonProject;
			productReference = 3D8B71982045C47900D0B43A /* parkinsonProject.app */;
			productType = "com.apple.product-type.application";
		};
		3D8B71AB2045C47900D0B43A /* parkinsonProjectTests */ = {
			isa = PBXNativeTarget;
			buildConfigurationList = 3D8B71C32045C47900D0B43A /* Build configuration list for PBXNativeTarget "parkinsonProjectTests" */;
			buildPhases = (
				3D8B71A82045C47900D0B43A /* Sources */,
				3D8B71A92045C47900D0B43A /* Frameworks */,
				3D8B71AA2045C47900D0B43A /* Resources */,
			);
			buildRules = (
			);
			dependencies = (
				3D8B71AE2045C47900D0B43A /* PBXTargetDependency */,
			);
			name = parkinsonProjectTests;
			productName = parkinsonProjectTests;
			productReference = 3D8B71AC2045C47900D0B43A /* parkinsonProjectTests.xctest */;
			productType = "com.apple.product-type.bundle.unit-test";
		};
		3D8B71B62045C47900D0B43A /* parkinsonProjectUITests */ = {
			isa = PBXNativeTarget;
			buildConfigurationList = 3D8B71C62045C47900D0B43A /* Build configuration list for PBXNativeTarget "parkinsonProjectUITests" */;
			buildPhases = (
				3D8B71B32045C47900D0B43A /* Sources */,
				3D8B71B42045C47900D0B43A /* Frameworks */,
				3D8B71B52045C47900D0B43A /* Resources */,
			);
			buildRules = (
			);
			dependencies = (
				3D8B71B92045C47900D0B43A /* PBXTargetDependency */,
			);
			name = parkinsonProjectUITests;
			productName = parkinsonProjectUITests;
			productReference = 3D8B71B72045C47900D0B43A /* parkinsonProjectUITests.xctest */;
			productType = "com.apple.product-type.bundle.ui-testing";
		};
/* End PBXNativeTarget section */

/* Begin PBXProject section */
		3D8B71902045C47900D0B43A /* Project object */ = {
			isa = PBXProject;
			attributes = {
				LastSwiftUpdateCheck = 0920;
				LastUpgradeCheck = 0920;
				ORGANIZATIONNAME = "Mégane WINTZ";
				TargetAttributes = {
					3D8B71972045C47900D0B43A = {
						CreatedOnToolsVersion = 9.2;
						ProvisioningStyle = Automatic;
					};
					3D8B71AB2045C47900D0B43A = {
						CreatedOnToolsVersion = 9.2;
						ProvisioningStyle = Automatic;
						TestTargetID = 3D8B71972045C47900D0B43A;
					};
					3D8B71B62045C47900D0B43A = {
						CreatedOnToolsVersion = 9.2;
						ProvisioningStyle = Automatic;
						TestTargetID = 3D8B71972045C47900D0B43A;
					};
				};
			};
			buildConfigurationList = 3D8B71932045C47900D0B43A /* Build configuration list for PBXProject "parkinsonProject" */;
			compatibilityVersion = "Xcode 8.0";
			developmentRegion = en;
			hasScannedForEncodings = 0;
			knownRegions = (
				en,
				Base,
			);
			mainGroup = 3D8B718F2045C47900D0B43A;
			productRefGroup = 3D8B71992045C47900D0B43A /* Products */;
			projectDirPath = "";
			projectRoot = "";
			targets = (
				3D8B71972045C47900D0B43A /* parkinsonProject */,
				3D8B71AB2045C47900D0B43A /* parkinsonProjectTests */,
				3D8B71B62045C47900D0B43A /* parkinsonProjectUITests */,
			);
		};
/* End PBXProject section */

/* Begin PBXResourcesBuildPhase section */
		3D8B71962045C47900D0B43A /* Resources */ = {
			isa = PBXResourcesBuildPhase;
			buildActionMask = 2147483647;
			files = (
				3D8B71A62045C47900D0B43A /* LaunchScreen.storyboard in Resources */,
				3D8B71A32045C47900D0B43A /* Assets.xcassets in Resources */,
				3D8B71A12045C47900D0B43A /* Main.storyboard in Resources */,
			);
			runOnlyForDeploymentPostprocessing = 0;
		};
		3D8B71AA2045C47900D0B43A /* Resources */ = {
			isa = PBXResourcesBuildPhase;
			buildActionMask = 2147483647;
			files = (
			);
			runOnlyForDeploymentPostprocessing = 0;
		};
		3D8B71B52045C47900D0B43A /* Resources */ = {
			isa = PBXResourcesBuildPhase;
			buildActionMask = 2147483647;
			files = (
			);
			runOnlyForDeploymentPostprocessing = 0;
		};
/* End PBXResourcesBuildPhase section */

/* Begin PBXSourcesBuildPhase section */
		3D8B71942045C47900D0B43A /* Sources */ = {
			isa = PBXSourcesBuildPhase;
			buildActionMask = 2147483647;
			files = (
				3D48F90420473439001B8199 /* Activity.swift in Sources */,
				3D9A54142045C97E00A4E7E1 /* Evaluation.swift in Sources */,
				3D48F90820473456001B8199 /* Practice.swift in Sources */,
				3D8B719E2045C47900D0B43A /* ViewController.swift in Sources */,
				3D8B719C2045C47900D0B43A /* AppDelegate.swift in Sources */,
				3D48F902204730F8001B8199 /* State.swift in Sources */,
				3D48F90620473447001B8199 /* ActivitiesSet.swift in Sources */,
				3D48F90A20473463001B8199 /* PracticesSet.swift in Sources */,
			);
			runOnlyForDeploymentPostprocessing = 0;
		};
		3D8B71A82045C47900D0B43A /* Sources */ = {
			isa = PBXSourcesBuildPhase;
			buildActionMask = 2147483647;
			files = (
				3D8B71B12045C47900D0B43A /* parkinsonProjectTests.swift in Sources */,
			);
			runOnlyForDeploymentPostprocessing = 0;
		};
		3D8B71B32045C47900D0B43A /* Sources */ = {
			isa = PBXSourcesBuildPhase;
			buildActionMask = 2147483647;
			files = (
				3D8B71BC2045C47900D0B43A /* parkinsonProjectUITests.swift in Sources */,
			);
			runOnlyForDeploymentPostprocessing = 0;
		};
/* End PBXSourcesBuildPhase section */

/* Begin PBXTargetDependency section */
		3D8B71AE2045C47900D0B43A /* PBXTargetDependency */ = {
			isa = PBXTargetDependency;
			target = 3D8B71972045C47900D0B43A /* parkinsonProject */;
			targetProxy = 3D8B71AD2045C47900D0B43A /* PBXContainerItemProxy */;
		};
		3D8B71B92045C47900D0B43A /* PBXTargetDependency */ = {
			isa = PBXTargetDependency;
			target = 3D8B71972045C47900D0B43A /* parkinsonProject */;
			targetProxy = 3D8B71B82045C47900D0B43A /* PBXContainerItemProxy */;
		};
/* End PBXTargetDependency section */

/* Begin PBXVariantGroup section */
		3D8B719F2045C47900D0B43A /* Main.storyboard */ = {
			isa = PBXVariantGroup;
			children = (
				3D8B71A02045C47900D0B43A /* Base */,
			);
			name = Main.storyboard;
			sourceTree = "<group>";
		};
		3D8B71A42045C47900D0B43A /* LaunchScreen.storyboard */ = {
			isa = PBXVariantGroup;
			children = (
				3D8B71A52045C47900D0B43A /* Base */,
			);
			name = LaunchScreen.storyboard;
			sourceTree = "<group>";
		};
/* End PBXVariantGroup section */

/* Begin XCBuildConfiguration section */
		3D8B71BE2045C47900D0B43A /* Debug */ = {
			isa = XCBuildConfiguration;
			buildSettings = {
				ALWAYS_SEARCH_USER_PATHS = NO;
				CLANG_ANALYZER_NONNULL = YES;
				CLANG_ANALYZER_NUMBER_OBJECT_CONVERSION = YES_AGGRESSIVE;
				CLANG_CXX_LANGUAGE_STANDARD = "gnu++14";
				CLANG_CXX_LIBRARY = "libc++";
				CLANG_ENABLE_MODULES = YES;
				CLANG_ENABLE_OBJC_ARC = YES;
				CLANG_WARN_BLOCK_CAPTURE_AUTORELEASING = YES;
				CLANG_WARN_BOOL_CONVERSION = YES;
				CLANG_WARN_COMMA = YES;
				CLANG_WARN_CONSTANT_CONVERSION = YES;
				CLANG_WARN_DIRECT_OBJC_ISA_USAGE = YES_ERROR;
				CLANG_WARN_DOCUMENTATION_COMMENTS = YES;
				CLANG_WARN_EMPTY_BODY = YES;
				CLANG_WARN_ENUM_CONVERSION = YES;
				CLANG_WARN_INFINITE_RECURSION = YES;
				CLANG_WARN_INT_CONVERSION = YES;
				CLANG_WARN_NON_LITERAL_NULL_CONVERSION = YES;
				CLANG_WARN_OBJC_LITERAL_CONVERSION = YES;
				CLANG_WARN_OBJC_ROOT_CLASS = YES_ERROR;
				CLANG_WARN_RANGE_LOOP_ANALYSIS = YES;
				CLANG_WARN_STRICT_PROTOTYPES = YES;
				CLANG_WARN_SUSPICIOUS_MOVE = YES;
				CLANG_WARN_UNGUARDED_AVAILABILITY = YES_AGGRESSIVE;
				CLANG_WARN_UNREACHABLE_CODE = YES;
				CLANG_WARN__DUPLICATE_METHOD_MATCH = YES;
				CODE_SIGN_IDENTITY = "iPhone Developer";
				COPY_PHASE_STRIP = NO;
				DEBUG_INFORMATION_FORMAT = dwarf;
				ENABLE_STRICT_OBJC_MSGSEND = YES;
				ENABLE_TESTABILITY = YES;
				GCC_C_LANGUAGE_STANDARD = gnu11;
				GCC_DYNAMIC_NO_PIC = NO;
				GCC_NO_COMMON_BLOCKS = YES;
				GCC_OPTIMIZATION_LEVEL = 0;
				GCC_PREPROCESSOR_DEFINITIONS = (
					"DEBUG=1",
					"$(inherited)",
				);
				GCC_WARN_64_TO_32_BIT_CONVERSION = YES;
				GCC_WARN_ABOUT_RETURN_TYPE = YES_ERROR;
				GCC_WARN_UNDECLARED_SELECTOR = YES;
				GCC_WARN_UNINITIALIZED_AUTOS = YES_AGGRESSIVE;
				GCC_WARN_UNUSED_FUNCTION = YES;
				GCC_WARN_UNUSED_VARIABLE = YES;
				IPHONEOS_DEPLOYMENT_TARGET = 11.2;
				MTL_ENABLE_DEBUG_INFO = YES;
				ONLY_ACTIVE_ARCH = YES;
				SDKROOT = iphoneos;
				SWIFT_ACTIVE_COMPILATION_CONDITIONS = DEBUG;
				SWIFT_OPTIMIZATION_LEVEL = "-Onone";
			};
			name = Debug;
		};
		3D8B71BF2045C47900D0B43A /* Release */ = {
			isa = XCBuildConfiguration;
			buildSettings = {
				ALWAYS_SEARCH_USER_PATHS = NO;
				CLANG_ANALYZER_NONNULL = YES;
				CLANG_ANALYZER_NUMBER_OBJECT_CONVERSION = YES_AGGRESSIVE;
				CLANG_CXX_LANGUAGE_STANDARD = "gnu++14";
				CLANG_CXX_LIBRARY = "libc++";
				CLANG_ENABLE_MODULES = YES;
				CLANG_ENABLE_OBJC_ARC = YES;
				CLANG_WARN_BLOCK_CAPTURE_AUTORELEASING = YES;
				CLANG_WARN_BOOL_CONVERSION = YES;
				CLANG_WARN_COMMA = YES;
				CLANG_WARN_CONSTANT_CONVERSION = YES;
				CLANG_WARN_DIRECT_OBJC_ISA_USAGE = YES_ERROR;
				CLANG_WARN_DOCUMENTATION_COMMENTS = YES;
				CLANG_WARN_EMPTY_BODY = YES;
				CLANG_WARN_ENUM_CONVERSION = YES;
				CLANG_WARN_INFINITE_RECURSION = YES;
				CLANG_WARN_INT_CONVERSION = YES;
				CLANG_WARN_NON_LITERAL_NULL_CONVERSION = YES;
				CLANG_WARN_OBJC_LITERAL_CONVERSION = YES;
				CLANG_WARN_OBJC_ROOT_CLASS = YES_ERROR;
				CLANG_WARN_RANGE_LOOP_ANALYSIS = YES;
				CLANG_WARN_STRICT_PROTOTYPES = YES;
				CLANG_WARN_SUSPICIOUS_MOVE = YES;
				CLANG_WARN_UNGUARDED_AVAILABILITY = YES_AGGRESSIVE;
				CLANG_WARN_UNREACHABLE_CODE = YES;
				CLANG_WARN__DUPLICATE_METHOD_MATCH = YES;
				CODE_SIGN_IDENTITY = "iPhone Developer";
				COPY_PHASE_STRIP = NO;
				DEBUG_INFORMATION_FORMAT = "dwarf-with-dsym";
				ENABLE_NS_ASSERTIONS = NO;
				ENABLE_STRICT_OBJC_MSGSEND = YES;
				GCC_C_LANGUAGE_STANDARD = gnu11;
				GCC_NO_COMMON_BLOCKS = YES;
				GCC_WARN_64_TO_32_BIT_CONVERSION = YES;
				GCC_WARN_ABOUT_RETURN_TYPE = YES_ERROR;
				GCC_WARN_UNDECLARED_SELECTOR = YES;
				GCC_WARN_UNINITIALIZED_AUTOS = YES_AGGRESSIVE;
				GCC_WARN_UNUSED_FUNCTION = YES;
				GCC_WARN_UNUSED_VARIABLE = YES;
				IPHONEOS_DEPLOYMENT_TARGET = 11.2;
				MTL_ENABLE_DEBUG_INFO = NO;
				SDKROOT = iphoneos;
				SWIFT_OPTIMIZATION_LEVEL = "-Owholemodule";
				VALIDATE_PRODUCT = YES;
			};
			name = Release;
		};
		3D8B71C12045C47900D0B43A /* Debug */ = {
			isa = XCBuildConfiguration;
			buildSettings = {
				ASSETCATALOG_COMPILER_APPICON_NAME = AppIcon;
				CODE_SIGN_STYLE = Automatic;
				DEVELOPMENT_TEAM = CNEDGC33HN;
				INFOPLIST_FILE = parkinsonProject/Info.plist;
				LD_RUNPATH_SEARCH_PATHS = "$(inherited) @executable_path/Frameworks";
				PRODUCT_BUNDLE_IDENTIFIER = megane.parkinsonProject;
				PRODUCT_NAME = "$(TARGET_NAME)";
				SWIFT_VERSION = 4.0;
				TARGETED_DEVICE_FAMILY = "1,2";
			};
			name = Debug;
		};
		3D8B71C22045C47900D0B43A /* Release */ = {
			isa = XCBuildConfiguration;
			buildSettings = {
				ASSETCATALOG_COMPILER_APPICON_NAME = AppIcon;
				CODE_SIGN_STYLE = Automatic;
				DEVELOPMENT_TEAM = CNEDGC33HN;
				INFOPLIST_FILE = parkinsonProject/Info.plist;
				LD_RUNPATH_SEARCH_PATHS = "$(inherited) @executable_path/Frameworks";
				PRODUCT_BUNDLE_IDENTIFIER = megane.parkinsonProject;
				PRODUCT_NAME = "$(TARGET_NAME)";
				SWIFT_VERSION = 4.0;
				TARGETED_DEVICE_FAMILY = "1,2";
			};
			name = Release;
		};
		3D8B71C42045C47900D0B43A /* Debug */ = {
			isa = XCBuildConfiguration;
			buildSettings = {
				ALWAYS_EMBED_SWIFT_STANDARD_LIBRARIES = YES;
				BUNDLE_LOADER = "$(TEST_HOST)";
				CODE_SIGN_STYLE = Automatic;
				DEVELOPMENT_TEAM = CNEDGC33HN;
				INFOPLIST_FILE = parkinsonProjectTests/Info.plist;
				LD_RUNPATH_SEARCH_PATHS = "$(inherited) @executable_path/Frameworks @loader_path/Frameworks";
				PRODUCT_BUNDLE_IDENTIFIER = megane.parkinsonProjectTests;
				PRODUCT_NAME = "$(TARGET_NAME)";
				SWIFT_VERSION = 4.0;
				TARGETED_DEVICE_FAMILY = "1,2";
				TEST_HOST = "$(BUILT_PRODUCTS_DIR)/parkinsonProject.app/parkinsonProject";
			};
			name = Debug;
		};
		3D8B71C52045C47900D0B43A /* Release */ = {
			isa = XCBuildConfiguration;
			buildSettings = {
				ALWAYS_EMBED_SWIFT_STANDARD_LIBRARIES = YES;
				BUNDLE_LOADER = "$(TEST_HOST)";
				CODE_SIGN_STYLE = Automatic;
				DEVELOPMENT_TEAM = CNEDGC33HN;
				INFOPLIST_FILE = parkinsonProjectTests/Info.plist;
				LD_RUNPATH_SEARCH_PATHS = "$(inherited) @executable_path/Frameworks @loader_path/Frameworks";
				PRODUCT_BUNDLE_IDENTIFIER = megane.parkinsonProjectTests;
				PRODUCT_NAME = "$(TARGET_NAME)";
				SWIFT_VERSION = 4.0;
				TARGETED_DEVICE_FAMILY = "1,2";
				TEST_HOST = "$(BUILT_PRODUCTS_DIR)/parkinsonProject.app/parkinsonProject";
			};
			name = Release;
		};
		3D8B71C72045C47900D0B43A /* Debug */ = {
			isa = XCBuildConfiguration;
			buildSettings = {
				ALWAYS_EMBED_SWIFT_STANDARD_LIBRARIES = YES;
				CODE_SIGN_STYLE = Automatic;
				DEVELOPMENT_TEAM = CNEDGC33HN;
				INFOPLIST_FILE = parkinsonProjectUITests/Info.plist;
				LD_RUNPATH_SEARCH_PATHS = "$(inherited) @executable_path/Frameworks @loader_path/Frameworks";
				PRODUCT_BUNDLE_IDENTIFIER = megane.parkinsonProjectUITests;
				PRODUCT_NAME = "$(TARGET_NAME)";
				SWIFT_VERSION = 4.0;
				TARGETED_DEVICE_FAMILY = "1,2";
				TEST_TARGET_NAME = parkinsonProject;
			};
			name = Debug;
		};
		3D8B71C82045C47900D0B43A /* Release */ = {
			isa = XCBuildConfiguration;
			buildSettings = {
				ALWAYS_EMBED_SWIFT_STANDARD_LIBRARIES = YES;
				CODE_SIGN_STYLE = Automatic;
				DEVELOPMENT_TEAM = CNEDGC33HN;
				INFOPLIST_FILE = parkinsonProjectUITests/Info.plist;
				LD_RUNPATH_SEARCH_PATHS = "$(inherited) @executable_path/Frameworks @loader_path/Frameworks";
				PRODUCT_BUNDLE_IDENTIFIER = megane.parkinsonProjectUITests;
				PRODUCT_NAME = "$(TARGET_NAME)";
				SWIFT_VERSION = 4.0;
				TARGETED_DEVICE_FAMILY = "1,2";
				TEST_TARGET_NAME = parkinsonProject;
			};
			name = Release;
		};
/* End XCBuildConfiguration section */

/* Begin XCConfigurationList section */
		3D8B71932045C47900D0B43A /* Build configuration list for PBXProject "parkinsonProject" */ = {
			isa = XCConfigurationList;
			buildConfigurations = (
				3D8B71BE2045C47900D0B43A /* Debug */,
				3D8B71BF2045C47900D0B43A /* Release */,
			);
			defaultConfigurationIsVisible = 0;
			defaultConfigurationName = Release;
		};
		3D8B71C02045C47900D0B43A /* Build configuration list for PBXNativeTarget "parkinsonProject" */ = {
			isa = XCConfigurationList;
			buildConfigurations = (
				3D8B71C12045C47900D0B43A /* Debug */,
				3D8B71C22045C47900D0B43A /* Release */,
			);
			defaultConfigurationIsVisible = 0;
			defaultConfigurationName = Release;
		};
		3D8B71C32045C47900D0B43A /* Build configuration list for PBXNativeTarget "parkinsonProjectTests" */ = {
			isa = XCConfigurationList;
			buildConfigurations = (
				3D8B71C42045C47900D0B43A /* Debug */,
				3D8B71C52045C47900D0B43A /* Release */,
			);
			defaultConfigurationIsVisible = 0;
			defaultConfigurationName = Release;
		};
		3D8B71C62045C47900D0B43A /* Build configuration list for PBXNativeTarget "parkinsonProjectUITests" */ = {
			isa = XCConfigurationList;
			buildConfigurations = (
				3D8B71C72045C47900D0B43A /* Debug */,
				3D8B71C82045C47900D0B43A /* Release */,
			);
			defaultConfigurationIsVisible = 0;
			defaultConfigurationName = Release;
		};
/* End XCConfigurationList section */
	};
	rootObject = 3D8B71902045C47900D0B43A /* Project object */;
}
